
Microsoft Visual Studio Solution File, Format Version 12.00
# Visual Studio Version 16
VisualStudioVersion = 16.0.29613.14
MinimumVisualStudioVersion = 10.0.40219.1
Project("{FAE04EC0-301F-11D3-BF4B-00C04F79EFBC}") = "RealbridgeApptestPrism", "RealbridgeApptestPrism\RealbridgeApptestPrism.csproj", "{849018F5-B8E6-46D8-994E-8E207F9B7675}"
EndProject
Project("{FAE04EC0-301F-11D3-BF4B-00C04F79EFBC}") = "RealbridgeApptestPrism.Android", "RealbridgeApptestPrism.Android\RealbridgeApptestPrism.Android.csproj", "{CB2889DA-4F34-443C-9461-6337BD98C4D7}"
EndProject
Project("{FAE04EC0-301F-11D3-BF4B-00C04F79EFBC}") = "RealbridgeApptestPrism.iOS", "RealbridgeApptestPrism.iOS\RealbridgeApptestPrism.iOS.csproj", "{B4D30171-C3A3-4C58-A007-238CAC93D24E}"
EndProject
Project("{FAE04EC0-301F-11D3-BF4B-00C04F79EFBC}") = "RealbridgeApptestPrism.UWP", "RealbridgeApptestPrism.UWP\RealbridgeApptestPrism.UWP.csproj", "{4814C945-A290-4FB4-A35B-AAF1CB28E3B9}"
EndProject
Global
	GlobalSection(SolutionConfigurationPlatforms) = preSolution
		Ad-Hoc|Any CPU = Ad-Hoc|Any CPU
		Ad-Hoc|ARM = Ad-Hoc|ARM
		Ad-Hoc|iPhone = Ad-Hoc|iPhone
		Ad-Hoc|iPhoneSimulator = Ad-Hoc|iPhoneSimulator
		Ad-Hoc|x64 = Ad-Hoc|x64
		Ad-Hoc|x86 = Ad-Hoc|x86
		AppStore|Any CPU = AppStore|Any CPU
		AppStore|ARM = AppStore|ARM
		AppStore|iPhone = AppStore|iPhone
		AppStore|iPhoneSimulator = AppStore|iPhoneSimulator
		AppStore|x64 = AppStore|x64
		AppStore|x86 = AppStore|x86
		Debug|Any CPU = Debug|Any CPU
		Debug|ARM = Debug|ARM
		Debug|iPhone = Debug|iPhone
		Debug|iPhoneSimulator = Debug|iPhoneSimulator
		Debug|x64 = Debug|x64
		Debug|x86 = Debug|x86
		Release|Any CPU = Release|Any CPU
		Release|ARM = Release|ARM
		Release|iPhone = Release|iPhone
		Release|iPhoneSimulator = Release|iPhoneSimulator
		Release|x64 = Release|x64
		Release|x86 = Release|x86
	EndGlobalSection
	GlobalSection(ProjectConfigurationPlatforms) = postSolution
		{849018F5-B8E6-46D8-994E-8E207F9B7675}.Ad-Hoc|Any CPU.ActiveCfg = Debug|Any CPU
		{849018F5-B8E6-46D8-994E-8E207F9B7675}.Ad-Hoc|Any CPU.Build.0 = Debug|Any CPU
		{849018F5-B8E6-46D8-994E-8E207F9B7675}.Ad-Hoc|ARM.ActiveCfg = Debug|Any CPU
		{849018F5-B8E6-46D8-994E-8E207F9B7675}.Ad-Hoc|ARM.Build.0 = Debug|Any CPU
		{849018F5-B8E6-46D8-994E-8E207F9B7675}.Ad-Hoc|iPhone.ActiveCfg = Debug|Any CPU
		{849018F5-B8E6-46D8-994E-8E207F9B7675}.Ad-Hoc|iPhone.Build.0 = Debug|Any CPU
		{849018F5-B8E6-46D8-994E-8E207F9B7675}.Ad-Hoc|iPhoneSimulator.ActiveCfg = Debug|Any CPU
		{849018F5-B8E6-46D8-994E-8E207F9B7675}.Ad-Hoc|iPhoneSimulator.Build.0 = Debug|Any CPU
		{849018F5-B8E6-46D8-994E-8E207F9B7675}.Ad-Hoc|x64.ActiveCfg = Debug|Any CPU
		{849018F5-B8E6-46D8-994E-8E207F9B7675}.Ad-Hoc|x64.Build.0 = Debug|Any CPU
		{849018F5-B8E6-46D8-994E-8E207F9B7675}.Ad-Hoc|x86.ActiveCfg = Debug|Any CPU
		{849018F5-B8E6-46D8-994E-8E207F9B7675}.Ad-Hoc|x86.Build.0 = Debug|Any CPU
		{849018F5-B8E6-46D8-994E-8E207F9B7675}.AppStore|Any CPU.ActiveCfg = Debug|Any CPU
		{849018F5-B8E6-46D8-994E-8E207F9B7675}.AppStore|Any CPU.Build.0 = Debug|Any CPU
		{849018F5-B8E6-46D8-994E-8E207F9B7675}.AppStore|ARM.ActiveCfg = Debug|Any CPU
		{849018F5-B8E6-46D8-994E-8E207F9B7675}.AppStore|ARM.Build.0 = Debug|Any CPU
		{849018F5-B8E6-46D8-994E-8E207F9B7675}.AppStore|iPhone.ActiveCfg = Debug|Any CPU
		{849018F5-B8E6-46D8-994E-8E207F9B7675}.AppStore|iPhone.Build.0 = Debug|Any CPU
		{849018F5-B8E6-46D8-994E-8E207F9B7675}.AppStore|iPhoneSimulator.ActiveCfg = Debug|Any CPU
		{849018F5-B8E6-46D8-994E-8E207F9B7675}.AppStore|iPhoneSimulator.Build.0 = Debug|Any CPU
		{849018F5-B8E6-46D8-994E-8E207F9B7675}.AppStore|x64.ActiveCfg = Debug|Any CPU
		{849018F5-B8E6-46D8-994E-8E207F9B7675}.AppStore|x64.Build.0 = Debug|Any CPU
		{849018F5-B8E6-46D8-994E-8E207F9B7675}.AppStore|x86.ActiveCfg = Debug|Any CPU
		{849018F5-B8E6-46D8-994E-8E207F9B7675}.AppStore|x86.Build.0 = Debug|Any CPU
		{849018F5-B8E6-46D8-994E-8E207F9B7675}.Debug|Any CPU.ActiveCfg = Debug|Any CPU
		{849018F5-B8E6-46D8-994E-8E207F9B7675}.Debug|Any CPU.Build.0 = Debug|Any CPU
		{849018F5-B8E6-46D8-994E-8E207F9B7675}.Debug|ARM.ActiveCfg = Debug|Any CPU
		{849018F5-B8E6-46D8-994E-8E207F9B7675}.Debug|ARM.Build.0 = Debug|Any CPU
		{849018F5-B8E6-46D8-994E-8E207F9B7675}.Debug|iPhone.ActiveCfg = Debug|Any CPU
		{849018F5-B8E6-46D8-994E-8E207F9B7675}.Debug|iPhone.Build.0 = Debug|Any CPU
		{849018F5-B8E6-46D8-994E-8E207F9B7675}.Debug|iPhoneSimulator.ActiveCfg = Debug|Any CPU
		{849018F5-B8E6-46D8-994E-8E207F9B7675}.Debug|iPhoneSimulator.Build.0 = Debug|Any CPU
		{849018F5-B8E6-46D8-994E-8E207F9B7675}.Debug|x64.ActiveCfg = Debug|Any CPU
		{849018F5-B8E6-46D8-994E-8E207F9B7675}.Debug|x64.Build.0 = Debug|Any CPU
		{849018F5-B8E6-46D8-994E-8E207F9B7675}.Debug|x86.ActiveCfg = Debug|Any CPU
		{849018F5-B8E6-46D8-994E-8E207F9B7675}.Debug|x86.Build.0 = Debug|Any CPU
		{849018F5-B8E6-46D8-994E-8E207F9B7675}.Release|Any CPU.ActiveCfg = Release|Any CPU
		{849018F5-B8E6-46D8-994E-8E207F9B7675}.Release|Any CPU.Build.0 = Release|Any CPU
		{849018F5-B8E6-46D8-994E-8E207F9B7675}.Release|ARM.ActiveCfg = Release|Any CPU
		{849018F5-B8E6-46D8-994E-8E207F9B7675}.Release|ARM.Build.0 = Release|Any CPU
		{849018F5-B8E6-46D8-994E-8E207F9B7675}.Release|iPhone.ActiveCfg = Release|Any CPU
		{849018F5-B8E6-46D8-994E-8E207F9B7675}.Release|iPhone.Build.0 = Release|Any CPU
		{849018F5-B8E6-46D8-994E-8E207F9B7675}.Release|iPhoneSimulator.ActiveCfg = Release|Any CPU
		{849018F5-B8E6-46D8-994E-8E207F9B7675}.Release|iPhoneSimulator.Build.0 = Release|Any CPU
		{849018F5-B8E6-46D8-994E-8E207F9B7675}.Release|x64.ActiveCfg = Release|Any CPU
		{849018F5-B8E6-46D8-994E-8E207F9B7675}.Release|x64.Build.0 = Release|Any CPU
		{849018F5-B8E6-46D8-994E-8E207F9B7675}.Release|x86.ActiveCfg = Release|Any CPU
		{849018F5-B8E6-46D8-994E-8E207F9B7675}.Release|x86.Build.0 = Release|Any CPU
		{CB2889DA-4F34-443C-9461-6337BD98C4D7}.Ad-Hoc|Any CPU.ActiveCfg = Release|Any CPU
		{CB2889DA-4F34-443C-9461-6337BD98C4D7}.Ad-Hoc|Any CPU.Build.0 = Release|Any CPU
		{CB2889DA-4F34-443C-9461-6337BD98C4D7}.Ad-Hoc|Any CPU.Deploy.0 = Release|Any CPU
		{CB2889DA-4F34-443C-9461-6337BD98C4D7}.Ad-Hoc|ARM.ActiveCfg = Release|Any CPU
		{CB2889DA-4F34-443C-9461-6337BD98C4D7}.Ad-Hoc|ARM.Build.0 = Release|Any CPU
		{CB2889DA-4F34-443C-9461-6337BD98C4D7}.Ad-Hoc|ARM.Deploy.0 = Release|Any CPU
		{CB2889DA-4F34-443C-9461-6337BD98C4D7}.Ad-Hoc|iPhone.ActiveCfg = Release|Any CPU
		{CB2889DA-4F34-443C-9461-6337BD98C4D7}.Ad-Hoc|iPhone.Build.0 = Release|Any CPU
		{CB2889DA-4F34-443C-9461-6337BD98C4D7}.Ad-Hoc|iPhone.Deploy.0 = Release|Any CPU
		{CB2889DA-4F34-443C-9461-6337BD98C4D7}.Ad-Hoc|iPhoneSimulator.ActiveCfg = Release|Any CPU
		{CB2889DA-4F34-443C-9461-6337BD98C4D7}.Ad-Hoc|iPhoneSimulator.Build.0 = Release|Any CPU
		{CB2889DA-4F34-443C-9461-6337BD98C4D7}.Ad-Hoc|iPhoneSimulator.Deploy.0 = Release|Any CPU
		{CB2889DA-4F34-443C-9461-6337BD98C4D7}.Ad-Hoc|x64.ActiveCfg = Release|Any CPU
		{CB2889DA-4F34-443C-9461-6337BD98C4D7}.Ad-Hoc|x64.Build.0 = Release|Any CPU
		{CB2889DA-4F34-443C-9461-6337BD98C4D7}.Ad-Hoc|x64.Deploy.0 = Release|Any CPU
		{CB2889DA-4F34-443C-9461-6337BD98C4D7}.Ad-Hoc|x86.ActiveCfg = Release|Any CPU
		{CB2889DA-4F34-443C-9461-6337BD98C4D7}.Ad-Hoc|x86.Build.0 = Release|Any CPU
		{CB2889DA-4F34-443C-9461-6337BD98C4D7}.Ad-Hoc|x86.Deploy.0 = Release|Any CPU
		{CB2889DA-4F34-443C-9461-6337BD98C4D7}.AppStore|Any CPU.ActiveCfg = Release|Any CPU
		{CB2889DA-4F34-443C-9461-6337BD98C4D7}.AppStore|Any CPU.Build.0 = Release|Any CPU
		{CB2889DA-4F34-443C-9461-6337BD98C4D7}.AppStore|Any CPU.Deploy.0 = Release|Any CPU
		{CB2889DA-4F34-443C-9461-6337BD98C4D7}.AppStore|ARM.ActiveCfg = Release|Any CPU
		{CB2889DA-4F34-443C-9461-6337BD98C4D7}.AppStore|ARM.Build.0 = Release|Any CPU
		{CB2889DA-4F34-443C-9461-6337BD98C4D7}.AppStore|ARM.Deploy.0 = Release|Any CPU
		{CB2889DA-4F34-443C-9461-6337BD98C4D7}.AppStore|iPhone.ActiveCfg = Release|Any CPU
		{CB2889DA-4F34-443C-9461-6337BD98C4D7}.AppStore|iPhone.Build.0 = Release|Any CPU
		{CB2889DA-4F34-443C-9461-6337BD98C4D7}.AppStore|iPhone.Deploy.0 = Release|Any CPU
		{CB2889DA-4F34-443C-9461-6337BD98C4D7}.AppStore|iPhoneSimulator.ActiveCfg = Release|Any CPU
		{CB2889DA-4F34-443C-9461-6337BD98C4D7}.AppStore|iPhoneSimulator.Build.0 = Release|Any CPU
		{CB2889DA-4F34-443C-9461-6337BD98C4D7}.AppStore|iPhoneSimulator.Deploy.0 = Release|Any CPU
		{CB2889DA-4F34-443C-9461-6337BD98C4D7}.AppStore|x64.ActiveCfg = Release|Any CPU
		{CB2889DA-4F34-443C-9461-6337BD98C4D7}.AppStore|x64.Build.0 = Release|Any CPU
		{CB2889DA-4F34-443C-9461-6337BD98C4D7}.AppStore|x64.Deploy.0 = Release|Any CPU
		{CB2889DA-4F34-443C-9461-6337BD98C4D7}.AppStore|x86.ActiveCfg = Release|Any CPU
		{CB2889DA-4F34-443C-9461-6337BD98C4D7}.AppStore|x86.Build.0 = Release|Any CPU
		{CB2889DA-4F34-443C-9461-6337BD98C4D7}.AppStore|x86.Deploy.0 = Release|Any CPU
		{CB2889DA-4F34-443C-9461-6337BD98C4D7}.Debug|Any CPU.ActiveCfg = Debug|Any CPU
		{CB2889DA-4F34-443C-9461-6337BD98C4D7}.Debug|Any CPU.Build.0 = Debug|Any CPU
		{CB2889DA-4F34-443C-9461-6337BD98C4D7}.Debug|Any CPU.Deploy.0 = Debug|Any CPU
		{CB2889DA-4F34-443C-9461-6337BD98C4D7}.Debug|ARM.ActiveCfg = Debug|Any CPU
		{CB2889DA-4F34-443C-9461-6337BD98C4D7}.Debug|ARM.Build.0 = Debug|Any CPU
		{CB2889DA-4F34-443C-9461-6337BD98C4D7}.Debug|ARM.Deploy.0 = Debug|Any CPU
		{CB2889DA-4F34-443C-9461-6337BD98C4D7}.Debug|iPhone.ActiveCfg = Debug|Any CPU
		{CB2889DA-4F34-443C-9461-6337BD98C4D7}.Debug|iPhone.Build.0 = Debug|Any CPU
		{CB2889DA-4F34-443C-9461-6337BD98C4D7}.Debug|iPhone.Deploy.0 = Debug|Any CPU
		{CB2889DA-4F34-443C-9461-6337BD98C4D7}.Debug|iPhoneSimulator.ActiveCfg = Debug|Any CPU
		{CB2889DA-4F34-443C-9461-6337BD98C4D7}.Debug|iPhoneSimulator.Build.0 = Debug|Any CPU
		{CB2889DA-4F34-443C-9461-6337BD98C4D7}.Debug|iPhoneSimulator.Deploy.0 = Debug|Any CPU
		{CB2889DA-4F34-443C-9461-6337BD98C4D7}.Debug|x64.ActiveCfg = Debug|Any CPU
		{CB2889DA-4F34-443C-9461-6337BD98C4D7}.Debug|x64.Build.0 = Debug|Any CPU
		{CB2889DA-4F34-443C-9461-6337BD98C4D7}.Debug|x64.Deploy.0 = Debug|Any CPU
		{CB2889DA-4F34-443C-9461-6337BD98C4D7}.Debug|x86.ActiveCfg = Debug|Any CPU
		{CB2889DA-4F34-443C-9461-6337BD98C4D7}.Debug|x86.Build.0 = Debug|Any CPU
		{CB2889DA-4F34-443C-9461-6337BD98C4D7}.Debug|x86.Deploy.0 = Debug|Any CPU
		{CB2889DA-4F34-443C-9461-6337BD98C4D7}.Release|Any CPU.ActiveCfg = Release|Any CPU
		{CB2889DA-4F34-443C-9461-6337BD98C4D7}.Release|Any CPU.Build.0 = Release|Any CPU
		{CB2889DA-4F34-443C-9461-6337BD98C4D7}.Release|Any CPU.Deploy.0 = Release|Any CPU
		{CB2889DA-4F34-443C-9461-6337BD98C4D7}.Release|ARM.ActiveCfg = Release|Any CPU
		{CB2889DA-4F34-443C-9461-6337BD98C4D7}.Release|ARM.Build.0 = Release|Any CPU
		{CB2889DA-4F34-443C-9461-6337BD98C4D7}.Release|ARM.Deploy.0 = Release|Any CPU
		{CB2889DA-4F34-443C-9461-6337BD98C4D7}.Release|iPhone.ActiveCfg = Release|Any CPU
		{CB2889DA-4F34-443C-9461-6337BD98C4D7}.Release|iPhone.Build.0 = Release|Any CPU
		{CB2889DA-4F34-443C-9461-6337BD98C4D7}.Release|iPhone.Deploy.0 = Release|Any CPU
		{CB2889DA-4F34-443C-9461-6337BD98C4D7}.Release|iPhoneSimulator.ActiveCfg = Release|Any CPU
		{CB2889DA-4F34-443C-9461-6337BD98C4D7}.Release|iPhoneSimulator.Build.0 = Release|Any CPU
		{CB2889DA-4F34-443C-9461-6337BD98C4D7}.Release|iPhoneSimulator.Deploy.0 = Release|Any CPU
		{CB2889DA-4F34-443C-9461-6337BD98C4D7}.Release|x64.ActiveCfg = Release|Any CPU
		{CB2889DA-4F34-443C-9461-6337BD98C4D7}.Release|x64.Build.0 = Release|Any CPU
		{CB2889DA-4F34-443C-9461-6337BD98C4D7}.Release|x64.Deploy.0 = Release|Any CPU
		{CB2889DA-4F34-443C-9461-6337BD98C4D7}.Release|x86.ActiveCfg = Release|Any CPU
		{CB2889DA-4F34-443C-9461-6337BD98C4D7}.Release|x86.Build.0 = Release|Any CPU
		{CB2889DA-4F34-443C-9461-6337BD98C4D7}.Release|x86.Deploy.0 = Release|Any CPU
		{B4D30171-C3A3-4C58-A007-238CAC93D24E}.Ad-Hoc|Any CPU.ActiveCfg = Ad-Hoc|iPhone
		{B4D30171-C3A3-4C58-A007-238CAC93D24E}.Ad-Hoc|ARM.ActiveCfg = Ad-Hoc|iPhone
		{B4D30171-C3A3-4C58-A007-238CAC93D24E}.Ad-Hoc|iPhone.ActiveCfg = Ad-Hoc|iPhone
		{B4D30171-C3A3-4C58-A007-238CAC93D24E}.Ad-Hoc|iPhone.Build.0 = Ad-Hoc|iPhone
		{B4D30171-C3A3-4C58-A007-238CAC93D24E}.Ad-Hoc|iPhoneSimulator.ActiveCfg = Ad-Hoc|iPhoneSimulator
		{B4D30171-C3A3-4C58-A007-238CAC93D24E}.Ad-Hoc|iPhoneSimulator.Build.0 = Ad-Hoc|iPhoneSimulator
		{B4D30171-C3A3-4C58-A007-238CAC93D24E}.Ad-Hoc|x64.ActiveCfg = Ad-Hoc|iPhone
		{B4D30171-C3A3-4C58-A007-238CAC93D24E}.Ad-Hoc|x86.ActiveCfg = Ad-Hoc|iPhone
		{B4D30171-C3A3-4C58-A007-238CAC93D24E}.AppStore|Any CPU.ActiveCfg = AppStore|iPhone
		{B4D30171-C3A3-4C58-A007-238CAC93D24E}.AppStore|ARM.ActiveCfg = AppStore|iPhone
		{B4D30171-C3A3-4C58-A007-238CAC93D24E}.AppStore|iPhone.ActiveCfg = AppStore|iPhone
		{B4D30171-C3A3-4C58-A007-238CAC93D24E}.AppStore|iPhone.Build.0 = AppStore|iPhone
		{B4D30171-C3A3-4C58-A007-238CAC93D24E}.AppStore|iPhoneSimulator.ActiveCfg = AppStore|iPhoneSimulator
		{B4D30171-C3A3-4C58-A007-238CAC93D24E}.AppStore|iPhoneSimulator.Build.0 = AppStore|iPhoneSimulator
		{B4D30171-C3A3-4C58-A007-238CAC93D24E}.AppStore|x64.ActiveCfg = AppStore|iPhone
		{B4D30171-C3A3-4C58-A007-238CAC93D24E}.AppStore|x86.ActiveCfg = AppStore|iPhone
		{B4D30171-C3A3-4C58-A007-238CAC93D24E}.Debug|Any CPU.ActiveCfg = Debug|iPhone
		{B4D30171-C3A3-4C58-A007-238CAC93D24E}.Debug|ARM.ActiveCfg = Debug|iPhone
		{B4D30171-C3A3-4C58-A007-238CAC93D24E}.Debug|iPhone.ActiveCfg = Debug|iPhone
		{B4D30171-C3A3-4C58-A007-238CAC93D24E}.Debug|iPhone.Build.0 = Debug|iPhone
		{B4D30171-C3A3-4C58-A007-238CAC93D24E}.Debug|iPhoneSimulator.ActiveCfg = Debug|iPhoneSimulator
		{B4D30171-C3A3-4C58-A007-238CAC93D24E}.Debug|iPhoneSimulator.Build.0 = Debug|iPhoneSimulator
		{B4D30171-C3A3-4C58-A007-238CAC93D24E}.Debug|x64.ActiveCfg = Debug|iPhone
		{B4D30171-C3A3-4C58-A007-238CAC93D24E}.Debug|x86.ActiveCfg = Debug|iPhone
		{B4D30171-C3A3-4C58-A007-238CAC93D24E}.Release|Any CPU.ActiveCfg = Release|iPhone
		{B4D30171-C3A3-4C58-A007-238CAC93D24E}.Release|ARM.ActiveCfg = Release|iPhone
		{B4D30171-C3A3-4C58-A007-238CAC93D24E}.Release|iPhone.ActiveCfg = Release|iPhone
		{B4D30171-C3A3-4C58-A007-238CAC93D24E}.Release|iPhone.Build.0 = Release|iPhone
		{B4D30171-C3A3-4C58-A007-238CAC93D24E}.Release|iPhoneSimulator.ActiveCfg = Release|iPhoneSimulator
		{B4D30171-C3A3-4C58-A007-238CAC93D24E}.Release|iPhoneSimulator.Build.0 = Release|iPhoneSimulator
		{B4D30171-C3A3-4C58-A007-238CAC93D24E}.Release|x64.ActiveCfg = Release|iPhone
		{B4D30171-C3A3-4C58-A007-238CAC93D24E}.Release|x86.ActiveCfg = Release|iPhone
		{4814C945-A290-4FB4-A35B-AAF1CB28E3B9}.Ad-Hoc|Any CPU.ActiveCfg = Release|x86
		{4814C945-A290-4FB4-A35B-AAF1CB28E3B9}.Ad-Hoc|Any CPU.Build.0 = Release|x86
		{4814C945-A290-4FB4-A35B-AAF1CB28E3B9}.Ad-Hoc|Any CPU.Deploy.0 = Release|x86
		{4814C945-A290-4FB4-A35B-AAF1CB28E3B9}.Ad-Hoc|ARM.ActiveCfg = Release|ARM
		{4814C945-A290-4FB4-A35B-AAF1CB28E3B9}.Ad-Hoc|ARM.Build.0 = Release|ARM
		{4814C945-A290-4FB4-A35B-AAF1CB28E3B9}.Ad-Hoc|ARM.Deploy.0 = Release|ARM
		{4814C945-A290-4FB4-A35B-AAF1CB28E3B9}.Ad-Hoc|iPhone.ActiveCfg = Release|x86
		{4814C945-A290-4FB4-A35B-AAF1CB28E3B9}.Ad-Hoc|iPhone.Build.0 = Release|x86
		{4814C945-A290-4FB4-A35B-AAF1CB28E3B9}.Ad-Hoc|iPhone.Deploy.0 = Release|x86
		{4814C945-A290-4FB4-A35B-AAF1CB28E3B9}.Ad-Hoc|iPhoneSimulator.ActiveCfg = Release|x86
		{4814C945-A290-4FB4-A35B-AAF1CB28E3B9}.Ad-Hoc|iPhoneSimulator.Build.0 = Release|x86
		{4814C945-A290-4FB4-A35B-AAF1CB28E3B9}.Ad-Hoc|iPhoneSimulator.Deploy.0 = Release|x86
		{4814C945-A290-4FB4-A35B-AAF1CB28E3B9}.Ad-Hoc|x64.ActiveCfg = Release|x64
		{4814C945-A290-4FB4-A35B-AAF1CB28E3B9}.Ad-Hoc|x64.Build.0 = Release|x64
		{4814C945-A290-4FB4-A35B-AAF1CB28E3B9}.Ad-Hoc|x64.Deploy.0 = Release|x64
		{4814C945-A290-4FB4-A35B-AAF1CB28E3B9}.Ad-Hoc|x86.ActiveCfg = Release|x86
		{4814C945-A290-4FB4-A35B-AAF1CB28E3B9}.Ad-Hoc|x86.Build.0 = Release|x86
		{4814C945-A290-4FB4-A35B-AAF1CB28E3B9}.Ad-Hoc|x86.Deploy.0 = Release|x86
		{4814C945-A290-4FB4-A35B-AAF1CB28E3B9}.AppStore|Any CPU.ActiveCfg = Release|x86
		{4814C945-A290-4FB4-A35B-AAF1CB28E3B9}.AppStore|Any CPU.Build.0 = Release|x86
		{4814C945-A290-4FB4-A35B-AAF1CB28E3B9}.AppStore|Any CPU.Deploy.0 = Release|x86
		{4814C945-A290-4FB4-A35B-AAF1CB28E3B9}.AppStore|ARM.ActiveCfg = Release|ARM
		{4814C945-A290-4FB4-A35B-AAF1CB28E3B9}.AppStore|ARM.Build.0 = Release|ARM
		{4814C945-A290-4FB4-A35B-AAF1CB28E3B9}.AppStore|ARM.Deploy.0 = Release|ARM
		{4814C945-A290-4FB4-A35B-AAF1CB28E3B9}.AppStore|iPhone.ActiveCfg = Release|x86
		{4814C945-A290-4FB4-A35B-AAF1CB28E3B9}.AppStore|iPhone.Build.0 = Release|x86
		{4814C945-A290-4FB4-A35B-AAF1CB28E3B9}.AppStore|iPhone.Deploy.0 = Release|x86
		{4814C945-A290-4FB4-A35B-AAF1CB28E3B9}.AppStore|iPhoneSimulator.ActiveCfg = Release|x86
		{4814C945-A290-4FB4-A35B-AAF1CB28E3B9}.AppStore|iPhoneSimulator.Build.0 = Release|x86
		{4814C945-A290-4FB4-A35B-AAF1CB28E3B9}.AppStore|iPhoneSimulator.Deploy.0 = Release|x86
		{4814C945-A290-4FB4-A35B-AAF1CB28E3B9}.AppStore|x64.ActiveCfg = Release|x64
		{4814C945-A290-4FB4-A35B-AAF1CB28E3B9}.AppStore|x64.Build.0 = Release|x64
		{4814C945-A290-4FB4-A35B-AAF1CB28E3B9}.AppStore|x64.Deploy.0 = Release|x64
		{4814C945-A290-4FB4-A35B-AAF1CB28E3B9}.AppStore|x86.ActiveCfg = Release|x86
		{4814C945-A290-4FB4-A35B-AAF1CB28E3B9}.AppStore|x86.Build.0 = Release|x86
		{4814C945-A290-4FB4-A35B-AAF1CB28E3B9}.AppStore|x86.Deploy.0 = Release|x86
		{4814C945-A290-4FB4-A35B-AAF1CB28E3B9}.Debug|Any CPU.ActiveCfg = Debug|x86
		{4814C945-A290-4FB4-A35B-AAF1CB28E3B9}.Debug|ARM.ActiveCfg = Debug|ARM
		{4814C945-A290-4FB4-A35B-AAF1CB28E3B9}.Debug|ARM.Build.0 = Debug|ARM
		{4814C945-A290-4FB4-A35B-AAF1CB28E3B9}.Debug|ARM.Deploy.0 = Debug|ARM
		{4814C945-A290-4FB4-A35B-AAF1CB28E3B9}.Debug|iPhone.ActiveCfg = Debug|x86
		{4814C945-A290-4FB4-A35B-AAF1CB28E3B9}.Debug|iPhoneSimulator.ActiveCfg = Debug|x86
		{4814C945-A290-4FB4-A35B-AAF1CB28E3B9}.Debug|x64.ActiveCfg = Debug|x64
		{4814C945-A290-4FB4-A35B-AAF1CB28E3B9}.Debug|x64.Build.0 = Debug|x64
		{4814C945-A290-4FB4-A35B-AAF1CB28E3B9}.Debug|x64.Deploy.0 = Debug|x64
		{4814C945-A290-4FB4-A35B-AAF1CB28E3B9}.Debug|x86.ActiveCfg = Debug|x86
		{4814C945-A290-4FB4-A35B-AAF1CB28E3B9}.Debug|x86.Build.0 = Debug|x86
		{4814C945-A290-4FB4-A35B-AAF1CB28E3B9}.Debug|x86.Deploy.0 = Debug|x86
		{4814C945-A290-4FB4-A35B-AAF1CB28E3B9}.Release|Any CPU.ActiveCfg = Release|x86
		{4814C945-A290-4FB4-A35B-AAF1CB28E3B9}.Release|ARM.ActiveCfg = Release|ARM
		{4814C945-A290-4FB4-A35B-AAF1CB28E3B9}.Release|ARM.Build.0 = Release|ARM
		{4814C945-A290-4FB4-A35B-AAF1CB28E3B9}.Release|ARM.Deploy.0 = Release|ARM
		{4814C945-A290-4FB4-A35B-AAF1CB28E3B9}.Release|iPhone.ActiveCfg = Release|x86
		{4814C945-A290-4FB4-A35B-AAF1CB28E3B9}.Release|iPhoneSimulator.ActiveCfg = Release|x86
		{4814C945-A290-4FB4-A35B-AAF1CB28E3B9}.Release|x64.ActiveCfg = Release|x64
		{4814C945-A290-4FB4-A35B-AAF1CB28E3B9}.Release|x64.Build.0 = Release|x64
		{4814C945-A290-4FB4-A35B-AAF1CB28E3B9}.Release|x64.Deploy.0 = Release|x64
		{4814C945-A290-4FB4-A35B-AAF1CB28E3B9}.Release|x86.ActiveCfg = Release|x86
		{4814C945-A290-4FB4-A35B-AAF1CB28E3B9}.Release|x86.Build.0 = Release|x86
		{4814C945-A290-4FB4-A35B-AAF1CB28E3B9}.Release|x86.Deploy.0 = Release|x86
	EndGlobalSection
	GlobalSection(SolutionProperties) = preSolution
		HideSolutionNode = FALSE
	EndGlobalSection
	GlobalSection(ExtensibilityGlobals) = postSolution
		SolutionGuid = {0D5C0E82-8D00-458D-8657-C5B02AC35F5E}
	EndGlobalSection
EndGlobal
